
Microsoft Visual Studio Solution File, Format Version 12.00
# Visual Studio Version 16
VisualStudioVersion = 16.0.31702.278
MinimumVisualStudioVersion = 10.0.40219.1
Project("{FAE04EC0-301F-11D3-BF4B-00C04F79EFBC}") = "WinFormsAppDemo", "WinFormsAppDemo\WinFormsAppDemo.csproj", "{00D34407-D54B-4B78-AA3C-D85E984BC93F}"
EndProject
Global
	GlobalSection(SolutionConfigurationPlatforms) = preSolution
		Debug|Any CPU = Debug|Any CPU
		Release|Any CPU = Release|Any CPU
	EndGlobalSection
	GlobalSection(ProjectConfigurationPlatforms) = postSolution
		{00D34407-D54B-4B78-AA3C-D85E984BC93F}.Debug|Any CPU.ActiveCfg = Debug|Any CPU
		{00D34407-D54B-4B78-AA3C-D85E984BC93F}.Debug|Any CPU.Build.0 = Debug|Any CPU
		{00D34407-D54B-4B78-AA3C-D85E984BC93F}.Release|Any CPU.ActiveCfg = Release|Any CPU
		{00D34407-D54B-4B78-AA3C-D85E984BC93F}.Release|Any CPU.Build.0 = Release|Any CPU
	EndGlobalSection
	GlobalSection(SolutionProperties) = preSolution
		HideSolutionNode = FALSE
	EndGlobalSection
	GlobalSection(ExtensibilityGlobals) = postSolution
		SolutionGuid = {76B1828F-F987-4129-8A19-AEAAAD1C5C08}
	EndGlobalSection
EndGlobal
